{
  "version": 4,
  "terraform_version": "1.5.7",
  "serial": 3,
  "lineage": "010b3ad3-47a0-bbd4-5c9c-952e5b9e8246",
  "outputs": {
    "external_ip_address_master": {
      "value": "51.250.72.44",
      "type": "string"
    },
    "external_ip_address_worker": {
      "value": "51.250.80.173",
      "type": "string"
    }
  },
  "resources": [
    {
      "module": "module.master",
      "mode": "managed",
      "type": "yandex_compute_instance",
      "name": "master",
      "provider": "provider[\"registry.terraform.io/yandex-cloud/yandex\"]",
      "instances": [
        {
          "schema_version": 1,
          "attributes": {
            "allow_recreate": null,
            "allow_stopping_for_update": null,
            "boot_disk": [
              {
                "auto_delete": true,
                "device_name": "fhmul4d5kroa1ockhr41",
                "disk_id": "fhmul4d5kroa1ockhr41",
                "initialize_params": [
                  {
                    "block_size": 4096,
                    "description": "",
                    "image_id": "fd8mg0noqg19kuaeirtr",
                    "name": "",
                    "size": 45,
                    "snapshot_id": "",
                    "type": "network-ssd"
                  }
                ],
                "mode": "READ_WRITE"
              }
            ],
            "created_at": "2024-02-26T21:20:10Z",
            "description": "",
            "filesystem": [],
            "folder_id": "b1g1a76j5hne2l7kcjt2",
            "fqdn": "fhm590j1e18dbauu72dj.auto.internal",
            "gpu_cluster_id": "",
            "hostname": "",
            "id": "fhm590j1e18dbauu72dj",
            "labels": {
              "tags": "kubernetes-master"
            },
            "local_disk": [],
            "maintenance_grace_period": "",
            "maintenance_policy": null,
            "metadata": {
              "ssh-keys": "ubuntu:ssh-rsa AAAAB3NzaC1yc2EAAAADAQABAAABgQCtn/5kvF4rZpglDmTb07Xj8ltvUl/GH0zRVBjavXBC67pcJ3M/VBQh1LbTzLgOI/XwlExko3upwDVq0t0uRZPcoIUzsGkDzXq2bCGPUbysmTiWFjJebEd+Kf5tRPtFF2PZHwNlKNqu35Ia0TspgNAwGRXvYl1L7zrBce9SwBIhnL4xfedSmnBXHuaKc+frJV+VzS2bJOdrtaaak85mpOru1HU3yzBbWR384AU3al/6Z/tTzjGd5pvk5FB++hMmY7C0qHMwOVTCUYkF1GdkxUj1qGj8d2BeRKiDL8vNzCuW/n1JQYp9gyyCOaVYbPrrGWETWAIL7NsjMf40zpgX9gywLsetGLOLDo0PUrjb+VSFWUW3B5qaUPGlcNbMa3Wv82zffpxdmsly074xgOYj+BlItLITjX5Kq6v8KLCaRvaCRiwYzU/TY8HhzjS4utpRh0Rq2gqaNHazo8YJRg/YCZkPbPmQw70fmxxKRIRnzC8YF4WX5uKT0EpgmP5tXQ1FaDU= appuser@mastervm2\n"
            },
            "metadata_options": [
              {
                "aws_v1_http_endpoint": 1,
                "aws_v1_http_token": 2,
                "gce_http_endpoint": 1,
                "gce_http_token": 1
              }
            ],
            "name": "kubernetes-master",
            "network_acceleration_type": "standard",
            "network_interface": [
              {
                "dns_record": [],
                "index": 0,
                "ip_address": "10.128.0.11",
                "ipv4": true,
                "ipv6": false,
                "ipv6_address": "",
                "ipv6_dns_record": [],
                "mac_address": "d0:0d:54:82:61:70",
                "nat": true,
                "nat_dns_record": [],
                "nat_ip_address": "51.250.72.44",
                "nat_ip_version": "IPV4",
                "security_group_ids": [],
                "subnet_id": "e9bhqp2oqmu6d4f9qogv"
              }
            ],
            "placement_policy": [
              {
                "host_affinity_rules": [],
                "placement_group_id": "",
                "placement_group_partition": 0
              }
            ],
            "platform_id": "standard-v1",
            "resources": [
              {
                "core_fraction": 100,
                "cores": 4,
                "gpus": 0,
                "memory": 4
              }
            ],
            "scheduling_policy": [
              {
                "preemptible": false
              }
            ],
            "secondary_disk": [],
            "service_account_id": "",
            "status": "running",
            "timeouts": null,
            "zone": "ru-central1-a"
          },
          "sensitive_attributes": [],
          "private": "eyJlMmJmYjczMC1lY2FhLTExZTYtOGY4OC0zNDM2M2JjN2M0YzAiOnsiY3JlYXRlIjozMDAwMDAwMDAwMDAsImRlbGV0ZSI6MzAwMDAwMDAwMDAwLCJ1cGRhdGUiOjMwMDAwMDAwMDAwMH0sInNjaGVtYV92ZXJzaW9uIjoiMSJ9"
        }
      ]
    },
    {
      "module": "module.worker",
      "mode": "managed",
      "type": "yandex_compute_instance",
      "name": "worker",
      "provider": "provider[\"registry.terraform.io/yandex-cloud/yandex\"]",
      "instances": [
        {
          "schema_version": 1,
          "attributes": {
            "allow_recreate": null,
            "allow_stopping_for_update": null,
            "boot_disk": [
              {
                "auto_delete": true,
                "device_name": "fhm9lecklbpkf5a5124b",
                "disk_id": "fhm9lecklbpkf5a5124b",
                "initialize_params": [
                  {
                    "block_size": 4096,
                    "description": "",
                    "image_id": "fd8cob13ju7b22u0hs34",
                    "name": "",
                    "size": 45,
                    "snapshot_id": "",
                    "type": "network-ssd"
                  }
                ],
                "mode": "READ_WRITE"
              }
            ],
            "created_at": "2024-02-26T21:20:10Z",
            "description": "",
            "filesystem": [],
            "folder_id": "b1g1a76j5hne2l7kcjt2",
            "fqdn": "fhmfghecrcq32lgt1570.auto.internal",
            "gpu_cluster_id": "",
            "hostname": "",
            "id": "fhmfghecrcq32lgt1570",
            "labels": {
              "tags": "kubernetes-worker"
            },
            "local_disk": [],
            "maintenance_grace_period": "",
            "maintenance_policy": null,
            "metadata": {
              "ssh-keys": "ubuntu:ssh-rsa AAAAB3NzaC1yc2EAAAADAQABAAABgQCtn/5kvF4rZpglDmTb07Xj8ltvUl/GH0zRVBjavXBC67pcJ3M/VBQh1LbTzLgOI/XwlExko3upwDVq0t0uRZPcoIUzsGkDzXq2bCGPUbysmTiWFjJebEd+Kf5tRPtFF2PZHwNlKNqu35Ia0TspgNAwGRXvYl1L7zrBce9SwBIhnL4xfedSmnBXHuaKc+frJV+VzS2bJOdrtaaak85mpOru1HU3yzBbWR384AU3al/6Z/tTzjGd5pvk5FB++hMmY7C0qHMwOVTCUYkF1GdkxUj1qGj8d2BeRKiDL8vNzCuW/n1JQYp9gyyCOaVYbPrrGWETWAIL7NsjMf40zpgX9gywLsetGLOLDo0PUrjb+VSFWUW3B5qaUPGlcNbMa3Wv82zffpxdmsly074xgOYj+BlItLITjX5Kq6v8KLCaRvaCRiwYzU/TY8HhzjS4utpRh0Rq2gqaNHazo8YJRg/YCZkPbPmQw70fmxxKRIRnzC8YF4WX5uKT0EpgmP5tXQ1FaDU= appuser@mastervm2\n"
            },
            "metadata_options": [
              {
                "aws_v1_http_endpoint": 1,
                "aws_v1_http_token": 2,
                "gce_http_endpoint": 1,
                "gce_http_token": 1
              }
            ],
            "name": "kubernetes-worker",
            "network_acceleration_type": "standard",
            "network_interface": [
              {
                "dns_record": [],
                "index": 0,
                "ip_address": "10.128.0.4",
                "ipv4": true,
                "ipv6": false,
                "ipv6_address": "",
                "ipv6_dns_record": [],
                "mac_address": "d0:0d:f8:45:cc:db",
                "nat": true,
                "nat_dns_record": [],
                "nat_ip_address": "51.250.80.173",
                "nat_ip_version": "IPV4",
                "security_group_ids": [],
                "subnet_id": "e9bhqp2oqmu6d4f9qogv"
              }
            ],
            "placement_policy": [
              {
                "host_affinity_rules": [],
                "placement_group_id": "",
                "placement_group_partition": 0
              }
            ],
            "platform_id": "standard-v1",
            "resources": [
              {
                "core_fraction": 100,
                "cores": 4,
                "gpus": 0,
                "memory": 4
              }
            ],
            "scheduling_policy": [
              {
                "preemptible": false
              }
            ],
            "secondary_disk": [],
            "service_account_id": "",
            "status": "running",
            "timeouts": null,
            "zone": "ru-central1-a"
          },
          "sensitive_attributes": [],
          "private": "eyJlMmJmYjczMC1lY2FhLTExZTYtOGY4OC0zNDM2M2JjN2M0YzAiOnsiY3JlYXRlIjozMDAwMDAwMDAwMDAsImRlbGV0ZSI6MzAwMDAwMDAwMDAwLCJ1cGRhdGUiOjMwMDAwMDAwMDAwMH0sInNjaGVtYV92ZXJzaW9uIjoiMSJ9"
        }
      ]
    }
  ],
  "check_results": null
}
